
Microsoft Visual Studio Solution File, Format Version 12.00
# Visual Studio Version 17
VisualStudioVersion = 17.14.36109.1 d17.14
MinimumVisualStudioVersion = 10.0.40219.1
Project("{FAE04EC0-301F-11D3-BF4B-00C04F79EFBC}") = "RezeptbuchAPI", "RezeptbuchAPI\RezeptbuchAPI.csproj", "{9AC452CE-E704-4638-A9FD-56495A0131FA}"
EndProject
Project("{2150E333-8FDC-42A3-9474-1A3956D46DE8}") = "Projektmappenelemente", "Projektmappenelemente", "{84D27F74-D2BA-6C25-2661-968F101900D9}"
	ProjectSection(SolutionItems) = preProject
		.dockerignore = .dockerignore
		Dockerfile = Dockerfile
	EndProjectSection
EndProject
Global
	GlobalSection(SolutionConfigurationPlatforms) = preSolution
		Debug|Any CPU = Debug|Any CPU
		Release|Any CPU = Release|Any CPU
	EndGlobalSection
	GlobalSection(ProjectConfigurationPlatforms) = postSolution
		{9AC452CE-E704-4638-A9FD-56495A0131FA}.Debug|Any CPU.ActiveCfg = Debug|Any CPU
		{9AC452CE-E704-4638-A9FD-56495A0131FA}.Debug|Any CPU.Build.0 = Debug|Any CPU
		{9AC452CE-E704-4638-A9FD-56495A0131FA}.Release|Any CPU.ActiveCfg = Release|Any CPU
		{9AC452CE-E704-4638-A9FD-56495A0131FA}.Release|Any CPU.Build.0 = Release|Any CPU
	EndGlobalSection
	GlobalSection(SolutionProperties) = preSolution
		HideSolutionNode = FALSE
	EndGlobalSection
	GlobalSection(ExtensibilityGlobals) = postSolution
		SolutionGuid = {A58991F0-E9C5-4CDE-B9FC-A7794A8DD84C}
	EndGlobalSection
EndGlobal
